PODS:
  - PDKeychainBindingsController (0.0.1)
  - Sparkle (1.23.0)

DEPENDENCIES:
  - PDKeychainBindingsController (~> 0.0)
  - Sparkle (> 1.22)

SPEC REPOS:
  trunk:
    - PDKeychainBindingsController
    - Sparkle

SPEC CHECKSUMS:
  PDKeychainBindingsController: fa8cb3cf99f2ea9240d61066ed0549f34e2cec3c
  Sparkle: 55b1a87ba69d56913375a281546b7c82dec95bb0

PODFILE CHECKSUM: 666d4cf7f6823d1e2b976541f65de56b3a644798

COCOAPODS: 1.9.3
